
Microsoft Visual Studio Solution File, Format Version 12.00
# Visual Studio Version 17
VisualStudioVersion = 17.4.33213.308
MinimumVisualStudioVersion = 10.0.40219.1
Project("{FAE04EC0-301F-11D3-BF4B-00C04F79EFBC}") = "UseCase3", "UseCase3.csproj", "{2FDC91D2-546C-452D-9622-B71EE0EA108C}"
EndProject
Global
	GlobalSection(SolutionConfigurationPlatforms) = preSolution
		Debug|Any CPU = Debug|Any CPU
		Release|Any CPU = Release|Any CPU
	EndGlobalSection
	GlobalSection(ProjectConfigurationPlatforms) = postSolution
		{2FDC91D2-546C-452D-9622-B71EE0EA108C}.Debug|Any CPU.ActiveCfg = Debug|Any CPU
		{2FDC91D2-546C-452D-9622-B71EE0EA108C}.Debug|Any CPU.Build.0 = Debug|Any CPU
		{2FDC91D2-546C-452D-9622-B71EE0EA108C}.Release|Any CPU.ActiveCfg = Release|Any CPU
		{2FDC91D2-546C-452D-9622-B71EE0EA108C}.Release|Any CPU.Build.0 = Release|Any CPU
	EndGlobalSection
	GlobalSection(SolutionProperties) = preSolution
		HideSolutionNode = FALSE
	EndGlobalSection
	GlobalSection(ExtensibilityGlobals) = postSolution
		SolutionGuid = {88064B60-F554-4FC2-8552-73B8BF6FB41F}
	EndGlobalSection
EndGlobal
