
Microsoft Visual Studio Solution File, Format Version 12.00
# Visual Studio Version 17
VisualStudioVersion = 17.4.33213.308
MinimumVisualStudioVersion = 10.0.40219.1
Project("{FAE04EC0-301F-11D3-BF4B-00C04F79EFBC}") = "ExceptionTest", "ExceptionTest.csproj", "{A238C4E4-D2A4-4F67-ACE5-EF06C8544542}"
EndProject
Global
	GlobalSection(SolutionConfigurationPlatforms) = preSolution
		Debug|Any CPU = Debug|Any CPU
		Release|Any CPU = Release|Any CPU
	EndGlobalSection
	GlobalSection(ProjectConfigurationPlatforms) = postSolution
		{A238C4E4-D2A4-4F67-ACE5-EF06C8544542}.Debug|Any CPU.ActiveCfg = Debug|Any CPU
		{A238C4E4-D2A4-4F67-ACE5-EF06C8544542}.Debug|Any CPU.Build.0 = Debug|Any CPU
		{A238C4E4-D2A4-4F67-ACE5-EF06C8544542}.Release|Any CPU.ActiveCfg = Release|Any CPU
		{A238C4E4-D2A4-4F67-ACE5-EF06C8544542}.Release|Any CPU.Build.0 = Release|Any CPU
	EndGlobalSection
	GlobalSection(SolutionProperties) = preSolution
		HideSolutionNode = FALSE
	EndGlobalSection
	GlobalSection(ExtensibilityGlobals) = postSolution
		SolutionGuid = {3C2751B7-C918-4F31-9E84-FA6D1C48D8ED}
	EndGlobalSection
EndGlobal
