
Microsoft Visual Studio Solution File, Format Version 12.00
# Visual Studio Version 17
VisualStudioVersion = 17.4.33213.308
MinimumVisualStudioVersion = 10.0.40219.1
Project("{FAE04EC0-301F-11D3-BF4B-00C04F79EFBC}") = "UseCaseCollections", "UseCaseCollections.csproj", "{D93D4C12-5010-47F3-B103-110E97E9923A}"
EndProject
Global
	GlobalSection(SolutionConfigurationPlatforms) = preSolution
		Debug|Any CPU = Debug|Any CPU
		Release|Any CPU = Release|Any CPU
	EndGlobalSection
	GlobalSection(ProjectConfigurationPlatforms) = postSolution
		{D93D4C12-5010-47F3-B103-110E97E9923A}.Debug|Any CPU.ActiveCfg = Debug|Any CPU
		{D93D4C12-5010-47F3-B103-110E97E9923A}.Debug|Any CPU.Build.0 = Debug|Any CPU
		{D93D4C12-5010-47F3-B103-110E97E9923A}.Release|Any CPU.ActiveCfg = Release|Any CPU
		{D93D4C12-5010-47F3-B103-110E97E9923A}.Release|Any CPU.Build.0 = Release|Any CPU
	EndGlobalSection
	GlobalSection(SolutionProperties) = preSolution
		HideSolutionNode = FALSE
	EndGlobalSection
	GlobalSection(ExtensibilityGlobals) = postSolution
		SolutionGuid = {2A0F9123-05EE-4BE3-A69F-2D756CBDD69F}
	EndGlobalSection
EndGlobal
