
Microsoft Visual Studio Solution File, Format Version 12.00
# Visual Studio Version 17
VisualStudioVersion = 17.4.33213.308
MinimumVisualStudioVersion = 10.0.40219.1
Project("{FAE04EC0-301F-11D3-BF4B-00C04F79EFBC}") = "BusWebApi", "BusWebApi\BusWebApi.csproj", "{03E94463-3528-4EDC-97EE-9A35FC2D1C08}"
EndProject
Project("{FAE04EC0-301F-11D3-BF4B-00C04F79EFBC}") = "BusManagement.Data", "BusManagement.Data\BusManagement.Data.csproj", "{A9CB333E-6027-4B3B-B535-2DBFA533B8BB}"
EndProject
Global
	GlobalSection(SolutionConfigurationPlatforms) = preSolution
		Debug|Any CPU = Debug|Any CPU
		Release|Any CPU = Release|Any CPU
	EndGlobalSection
	GlobalSection(ProjectConfigurationPlatforms) = postSolution
		{03E94463-3528-4EDC-97EE-9A35FC2D1C08}.Debug|Any CPU.ActiveCfg = Debug|Any CPU
		{03E94463-3528-4EDC-97EE-9A35FC2D1C08}.Debug|Any CPU.Build.0 = Debug|Any CPU
		{03E94463-3528-4EDC-97EE-9A35FC2D1C08}.Release|Any CPU.ActiveCfg = Release|Any CPU
		{03E94463-3528-4EDC-97EE-9A35FC2D1C08}.Release|Any CPU.Build.0 = Release|Any CPU
		{A9CB333E-6027-4B3B-B535-2DBFA533B8BB}.Debug|Any CPU.ActiveCfg = Debug|Any CPU
		{A9CB333E-6027-4B3B-B535-2DBFA533B8BB}.Debug|Any CPU.Build.0 = Debug|Any CPU
		{A9CB333E-6027-4B3B-B535-2DBFA533B8BB}.Release|Any CPU.ActiveCfg = Release|Any CPU
		{A9CB333E-6027-4B3B-B535-2DBFA533B8BB}.Release|Any CPU.Build.0 = Release|Any CPU
	EndGlobalSection
	GlobalSection(SolutionProperties) = preSolution
		HideSolutionNode = FALSE
	EndGlobalSection
	GlobalSection(ExtensibilityGlobals) = postSolution
		SolutionGuid = {D6B9C9B0-5B12-455E-8E03-5A0055D2926B}
	EndGlobalSection
EndGlobal
